
Microsoft Visual Studio Solution File, Format Version 12.00
Project("{2150E333-8FDC-42A3-9474-1A3956D46DE8}") = "Solution Items", "Solution Items", "{1A5A8482-F3EC-40FA-BAC9-E3308AA9AD72}"
	ProjectSection(SolutionItems) = preProject
		.editorconfig = .editorconfig
		.gitignore = .gitignore
		AppCoreNet.ruleset = AppCoreNet.ruleset
		CONTRIBUTING.md = CONTRIBUTING.md
		Directory.Build.props = Directory.Build.props
		GitVersion.yml = GitVersion.yml
		global.json = global.json
		LICENSE = LICENSE
		README.md = README.md
		stylecop.json = stylecop.json
	EndProjectSection
EndProject
Project("{2150E333-8FDC-42A3-9474-1A3956D46DE8}") = "src", "src", "{71892011-7C1C-44D4-A5C7-A840F316FB20}"
	ProjectSection(SolutionItems) = preProject
		src\Directory.Build.props = src\Directory.Build.props
	EndProjectSection
EndProject
Project("{2150E333-8FDC-42A3-9474-1A3956D46DE8}") = "test", "test", "{389D2000-F923-42D6-B24F-CF4236B3C722}"
	ProjectSection(SolutionItems) = preProject
		test\Directory.Build.props = test\Directory.Build.props
	EndProjectSection
EndProject
Project("{FAE04EC0-301F-11D3-BF4B-00C04F79EFBC}") = "AppCoreNet.Mediator.Abstractions", "src\AppCoreNet.Mediator.Abstractions\AppCoreNet.Mediator.Abstractions.csproj", "{1D3ED194-5E43-48D9-99E7-316C64D1110E}"
EndProject
Project("{FAE04EC0-301F-11D3-BF4B-00C04F79EFBC}") = "AppCoreNet.Mediator", "src\AppCoreNet.Mediator\AppCoreNet.Mediator.csproj", "{756D0438-9E64-4099-A5E7-A1FFFED091D8}"
EndProject
Project("{FAE04EC0-301F-11D3-BF4B-00C04F79EFBC}") = "AppCoreNet.Mediator.Authentication", "src\AppCoreNet.Mediator.Authentication\AppCoreNet.Mediator.Authentication.csproj", "{9CDE2382-FF78-481B-A34D-7568C13528E5}"
EndProject
Project("{FAE04EC0-301F-11D3-BF4B-00C04F79EFBC}") = "AppCoreNet.Mediator.Authentication.Abstractions", "src\AppCoreNet.Mediator.Authentication.Abstractions\AppCoreNet.Mediator.Authentication.Abstractions.csproj", "{7FEFEEAD-6485-462E-8E55-D708BE7FB3D9}"
EndProject
Project("{FAE04EC0-301F-11D3-BF4B-00C04F79EFBC}") = "AppCoreNet.Mediator.Tests", "test\AppCoreNet.Mediator.Tests\AppCoreNet.Mediator.Tests.csproj", "{B9DD158D-1932-4D81-AF54-038D44D9805B}"
EndProject
Global
	GlobalSection(SolutionConfigurationPlatforms) = preSolution
		Debug|Any CPU = Debug|Any CPU
		Release|Any CPU = Release|Any CPU
	EndGlobalSection
	GlobalSection(ProjectConfigurationPlatforms) = postSolution
		{1D3ED194-5E43-48D9-99E7-316C64D1110E}.Debug|Any CPU.ActiveCfg = Debug|Any CPU
		{1D3ED194-5E43-48D9-99E7-316C64D1110E}.Debug|Any CPU.Build.0 = Debug|Any CPU
		{1D3ED194-5E43-48D9-99E7-316C64D1110E}.Release|Any CPU.ActiveCfg = Release|Any CPU
		{1D3ED194-5E43-48D9-99E7-316C64D1110E}.Release|Any CPU.Build.0 = Release|Any CPU
		{756D0438-9E64-4099-A5E7-A1FFFED091D8}.Debug|Any CPU.ActiveCfg = Debug|Any CPU
		{756D0438-9E64-4099-A5E7-A1FFFED091D8}.Debug|Any CPU.Build.0 = Debug|Any CPU
		{756D0438-9E64-4099-A5E7-A1FFFED091D8}.Release|Any CPU.ActiveCfg = Release|Any CPU
		{756D0438-9E64-4099-A5E7-A1FFFED091D8}.Release|Any CPU.Build.0 = Release|Any CPU
		{9CDE2382-FF78-481B-A34D-7568C13528E5}.Debug|Any CPU.ActiveCfg = Debug|Any CPU
		{9CDE2382-FF78-481B-A34D-7568C13528E5}.Debug|Any CPU.Build.0 = Debug|Any CPU
		{9CDE2382-FF78-481B-A34D-7568C13528E5}.Release|Any CPU.ActiveCfg = Release|Any CPU
		{9CDE2382-FF78-481B-A34D-7568C13528E5}.Release|Any CPU.Build.0 = Release|Any CPU
		{7FEFEEAD-6485-462E-8E55-D708BE7FB3D9}.Debug|Any CPU.ActiveCfg = Debug|Any CPU
		{7FEFEEAD-6485-462E-8E55-D708BE7FB3D9}.Debug|Any CPU.Build.0 = Debug|Any CPU
		{7FEFEEAD-6485-462E-8E55-D708BE7FB3D9}.Release|Any CPU.ActiveCfg = Release|Any CPU
		{7FEFEEAD-6485-462E-8E55-D708BE7FB3D9}.Release|Any CPU.Build.0 = Release|Any CPU
		{B9DD158D-1932-4D81-AF54-038D44D9805B}.Debug|Any CPU.ActiveCfg = Debug|Any CPU
		{B9DD158D-1932-4D81-AF54-038D44D9805B}.Debug|Any CPU.Build.0 = Debug|Any CPU
		{B9DD158D-1932-4D81-AF54-038D44D9805B}.Release|Any CPU.ActiveCfg = Release|Any CPU
		{B9DD158D-1932-4D81-AF54-038D44D9805B}.Release|Any CPU.Build.0 = Release|Any CPU
	EndGlobalSection
	GlobalSection(NestedProjects) = preSolution
		{1D3ED194-5E43-48D9-99E7-316C64D1110E} = {71892011-7C1C-44D4-A5C7-A840F316FB20}
		{756D0438-9E64-4099-A5E7-A1FFFED091D8} = {71892011-7C1C-44D4-A5C7-A840F316FB20}
		{9CDE2382-FF78-481B-A34D-7568C13528E5} = {71892011-7C1C-44D4-A5C7-A840F316FB20}
		{7FEFEEAD-6485-462E-8E55-D708BE7FB3D9} = {71892011-7C1C-44D4-A5C7-A840F316FB20}
		{B9DD158D-1932-4D81-AF54-038D44D9805B} = {389D2000-F923-42D6-B24F-CF4236B3C722}
	EndGlobalSection
EndGlobal
